<?xml version="1.0" encoding="UTF-8"?>
<Scheme
   version = "1.3">
   <BuildAction>
      <BuildActionEntries>
         <BuildActionEntry
            buildForRunning = "YES">
            <BuildableReference
               BuildableIdentifier = "primary"
               BlueprintIdentifier = "AF745BE5CD05F1428A2DB9AC"
               BuildableName = "JsonModel.app"
               BlueprintName = "JsonModel"
               ReferencedContainer = "container:JsonModel.xcodeproj">
            </BuildableReference>
         </BuildActionEntry>
      </BuildActionEntries>
   </BuildAction>
   <LaunchAction
      useCustomWorkingDirectory = "NO"
      buildConfiguration = "Debug">
      <BuildableProductRunnable>
         <BuildableReference
            BuildableIdentifier = "primary"
            BlueprintIdentifier = "AF745BE5CD05F1428A2DB9AC"
            BuildableName = "JsonModel.app"
            BlueprintName = "JsonModel"
            ReferencedContainer = "container:JsonModel.xcodeproj">
         </BuildableReference>
      </BuildableProductRunnable>
   </LaunchAction>
</Scheme>
